
Microsoft Visual Studio Solution File, Format Version 12.00
# Visual Studio 2013
VisualStudioVersion = 12.0.31101.0
MinimumVisualStudioVersion = 10.0.40219.1
Project("{2150E333-8FDC-42A3-9474-1A3956D46DE8}") = "Solution Items", "Solution Items", "{5D223E15-C3F1-4516-AC83-41AF719DE77B}"
	ProjectSection(SolutionItems) = preProject
		NuGet.config = NuGet.config
	EndProjectSection
EndProject
Project("{2150E333-8FDC-42A3-9474-1A3956D46DE8}") = "lib", "lib", "{1109C7B5-C897-4B8C-8942-AF7F8B7FFE83}"
EndProject
Project("{2150E333-8FDC-42A3-9474-1A3956D46DE8}") = "samples", "samples", "{D741C8EB-46FE-477B-97D2-5D2463EA6BDC}"
EndProject
Project("{2150E333-8FDC-42A3-9474-1A3956D46DE8}") = "tests", "tests", "{B1023B37-8D93-4B15-80DB-4C99742E26EE}"
EndProject
Project("{FAE04EC0-301F-11D3-BF4B-00C04F79EFBC}") = "Chargify.NET", "Source\Chargify.NET\Chargify.NET.csproj", "{A4E445A8-21C9-445B-A3A0-D18A4CBD0F0B}"
EndProject
Project("{FAE04EC0-301F-11D3-BF4B-00C04F79EFBC}") = "ChargifyDotNetTests", "Source\ChargifyDotNetTests\ChargifyDotNetTests.csproj", "{BD286D4B-7C48-405E-94FB-1FEA1383F811}"
EndProject
Project("{FAE04EC0-301F-11D3-BF4B-00C04F79EFBC}") = "Chargify", "Source\Chargify\Chargify.csproj", "{7AD58394-09A2-4D11-AEAD-4127CADED3F9}"
EndProject
Project("{FAE04EC0-301F-11D3-BF4B-00C04F79EFBC}") = "ChargifyTests", "Source\ChargifyTests\ChargifyTests.csproj", "{F4C6848A-523E-4895-831B-BEB20D9F9965}"
EndProject
Project("{F184B08F-C81C-45F6-A57F-5ABD9991F28F}") = "ChargifyNetSample.Web", "Source\ChargifyNetSample.Web\ChargifyNetSample.Web.vbproj", "{CD8E53D2-B177-494B-AE08-1CEEF98E43D7}"
EndProject
Project("{2150E333-8FDC-42A3-9474-1A3956D46DE8}") = ".nuget", ".nuget", "{7F8C958D-61FB-44BA-A2CE-C31888E2A858}"
	ProjectSection(SolutionItems) = preProject
		.nuget\packages.config = .nuget\packages.config
	EndProjectSection
EndProject
Global
	GlobalSection(SolutionConfigurationPlatforms) = preSolution
		Debug|Any CPU = Debug|Any CPU
		Debug|Mixed Platforms = Debug|Mixed Platforms
		Debug|x86 = Debug|x86
		Release|Any CPU = Release|Any CPU
		Release|Mixed Platforms = Release|Mixed Platforms
		Release|x86 = Release|x86
	EndGlobalSection
	GlobalSection(ProjectConfigurationPlatforms) = postSolution
		{A4E445A8-21C9-445B-A3A0-D18A4CBD0F0B}.Debug|Any CPU.ActiveCfg = Debug|Any CPU
		{A4E445A8-21C9-445B-A3A0-D18A4CBD0F0B}.Debug|Any CPU.Build.0 = Debug|Any CPU
		{A4E445A8-21C9-445B-A3A0-D18A4CBD0F0B}.Debug|Mixed Platforms.ActiveCfg = Debug|Any CPU
		{A4E445A8-21C9-445B-A3A0-D18A4CBD0F0B}.Debug|Mixed Platforms.Build.0 = Debug|Any CPU
		{A4E445A8-21C9-445B-A3A0-D18A4CBD0F0B}.Debug|x86.ActiveCfg = Debug|Any CPU
		{A4E445A8-21C9-445B-A3A0-D18A4CBD0F0B}.Release|Any CPU.ActiveCfg = Release|Any CPU
		{A4E445A8-21C9-445B-A3A0-D18A4CBD0F0B}.Release|Any CPU.Build.0 = Release|Any CPU
		{A4E445A8-21C9-445B-A3A0-D18A4CBD0F0B}.Release|Mixed Platforms.ActiveCfg = Release|Any CPU
		{A4E445A8-21C9-445B-A3A0-D18A4CBD0F0B}.Release|Mixed Platforms.Build.0 = Release|Any CPU
		{A4E445A8-21C9-445B-A3A0-D18A4CBD0F0B}.Release|x86.ActiveCfg = Release|Any CPU
		{BD286D4B-7C48-405E-94FB-1FEA1383F811}.Debug|Any CPU.ActiveCfg = Debug|Any CPU
		{BD286D4B-7C48-405E-94FB-1FEA1383F811}.Debug|Any CPU.Build.0 = Debug|Any CPU
		{BD286D4B-7C48-405E-94FB-1FEA1383F811}.Debug|Mixed Platforms.ActiveCfg = Debug|Any CPU
		{BD286D4B-7C48-405E-94FB-1FEA1383F811}.Debug|Mixed Platforms.Build.0 = Debug|Any CPU
		{BD286D4B-7C48-405E-94FB-1FEA1383F811}.Debug|x86.ActiveCfg = Debug|Any CPU
		{BD286D4B-7C48-405E-94FB-1FEA1383F811}.Release|Any CPU.ActiveCfg = Release|Any CPU
		{BD286D4B-7C48-405E-94FB-1FEA1383F811}.Release|Any CPU.Build.0 = Release|Any CPU
		{BD286D4B-7C48-405E-94FB-1FEA1383F811}.Release|Mixed Platforms.ActiveCfg = Release|Any CPU
		{BD286D4B-7C48-405E-94FB-1FEA1383F811}.Release|Mixed Platforms.Build.0 = Release|Any CPU
		{BD286D4B-7C48-405E-94FB-1FEA1383F811}.Release|x86.ActiveCfg = Release|Any CPU
		{7AD58394-09A2-4D11-AEAD-4127CADED3F9}.Debug|Any CPU.ActiveCfg = Debug|Any CPU
		{7AD58394-09A2-4D11-AEAD-4127CADED3F9}.Debug|Any CPU.Build.0 = Debug|Any CPU
		{7AD58394-09A2-4D11-AEAD-4127CADED3F9}.Debug|Mixed Platforms.ActiveCfg = Debug|Any CPU
		{7AD58394-09A2-4D11-AEAD-4127CADED3F9}.Debug|x86.ActiveCfg = Debug|Any CPU
		{7AD58394-09A2-4D11-AEAD-4127CADED3F9}.Release|Any CPU.ActiveCfg = Release|Any CPU
		{7AD58394-09A2-4D11-AEAD-4127CADED3F9}.Release|Any CPU.Build.0 = Release|Any CPU
		{7AD58394-09A2-4D11-AEAD-4127CADED3F9}.Release|Mixed Platforms.ActiveCfg = Release|Any CPU
		{7AD58394-09A2-4D11-AEAD-4127CADED3F9}.Release|Mixed Platforms.Build.0 = Release|Any CPU
		{7AD58394-09A2-4D11-AEAD-4127CADED3F9}.Release|x86.ActiveCfg = Release|Any CPU
		{F4C6848A-523E-4895-831B-BEB20D9F9965}.Debug|Any CPU.ActiveCfg = Debug|Any CPU
		{F4C6848A-523E-4895-831B-BEB20D9F9965}.Debug|Any CPU.Build.0 = Debug|Any CPU
		{F4C6848A-523E-4895-831B-BEB20D9F9965}.Debug|Mixed Platforms.ActiveCfg = Debug|Any CPU
		{F4C6848A-523E-4895-831B-BEB20D9F9965}.Debug|x86.ActiveCfg = Debug|Any CPU
		{F4C6848A-523E-4895-831B-BEB20D9F9965}.Release|Any CPU.ActiveCfg = Release|Any CPU
		{F4C6848A-523E-4895-831B-BEB20D9F9965}.Release|Any CPU.Build.0 = Release|Any CPU
		{F4C6848A-523E-4895-831B-BEB20D9F9965}.Release|Mixed Platforms.ActiveCfg = Release|Any CPU
		{F4C6848A-523E-4895-831B-BEB20D9F9965}.Release|Mixed Platforms.Build.0 = Release|Any CPU
		{F4C6848A-523E-4895-831B-BEB20D9F9965}.Release|x86.ActiveCfg = Release|Any CPU
		{CD8E53D2-B177-494B-AE08-1CEEF98E43D7}.Debug|Any CPU.ActiveCfg = Debug|Any CPU
		{CD8E53D2-B177-494B-AE08-1CEEF98E43D7}.Debug|Any CPU.Build.0 = Debug|Any CPU
		{CD8E53D2-B177-494B-AE08-1CEEF98E43D7}.Debug|Mixed Platforms.ActiveCfg = Debug|Any CPU
		{CD8E53D2-B177-494B-AE08-1CEEF98E43D7}.Debug|Mixed Platforms.Build.0 = Debug|Any CPU
		{CD8E53D2-B177-494B-AE08-1CEEF98E43D7}.Debug|x86.ActiveCfg = Debug|Any CPU
		{CD8E53D2-B177-494B-AE08-1CEEF98E43D7}.Release|Any CPU.ActiveCfg = Release|Any CPU
		{CD8E53D2-B177-494B-AE08-1CEEF98E43D7}.Release|Any CPU.Build.0 = Release|Any CPU
		{CD8E53D2-B177-494B-AE08-1CEEF98E43D7}.Release|Mixed Platforms.ActiveCfg = Release|Any CPU
		{CD8E53D2-B177-494B-AE08-1CEEF98E43D7}.Release|Mixed Platforms.Build.0 = Release|Any CPU
		{CD8E53D2-B177-494B-AE08-1CEEF98E43D7}.Release|x86.ActiveCfg = Release|Any CPU
	EndGlobalSection
	GlobalSection(SolutionProperties) = preSolution
		HideSolutionNode = FALSE
	EndGlobalSection
	GlobalSection(NestedProjects) = preSolution
		{A4E445A8-21C9-445B-A3A0-D18A4CBD0F0B} = {1109C7B5-C897-4B8C-8942-AF7F8B7FFE83}
		{BD286D4B-7C48-405E-94FB-1FEA1383F811} = {B1023B37-8D93-4B15-80DB-4C99742E26EE}
		{7AD58394-09A2-4D11-AEAD-4127CADED3F9} = {1109C7B5-C897-4B8C-8942-AF7F8B7FFE83}
		{F4C6848A-523E-4895-831B-BEB20D9F9965} = {B1023B37-8D93-4B15-80DB-4C99742E26EE}
		{CD8E53D2-B177-494B-AE08-1CEEF98E43D7} = {D741C8EB-46FE-477B-97D2-5D2463EA6BDC}
	EndGlobalSection
	GlobalSection(TestCaseManagementSettings) = postSolution
		CategoryFile = Chargify.vsmdi
	EndGlobalSection
EndGlobal
